<?xml version="1.0" encoding="utf-8"?>
<Project ToolsVersion="4.0" xmlns="http://schemas.microsoft.com/developer/msbuild/2003">
  <ItemGroup>
    <Filter Include="Исходные файлы">
      <UniqueIdentifier>{4FC737F1-C7A5-4376-A066-2A32D752A2FF}</UniqueIdentifier>
      <Extensions>cpp;c;cc;cxx;c++;cppm;ixx;def;odl;idl;hpj;bat;asm;asmx</Extensions>
    </Filter>
    <Filter Include="Файлы заголовков">
      <UniqueIdentifier>{93995380-89BD-4b04-88EB-625FBE52EBFB}</UniqueIdentifier>
      <Extensions>h;hh;hpp;hxx;h++;hm;inl;inc;ipp;xsd</Extensions>
    </Filter>
    <Filter Include="Файлы ресурсов">
      <UniqueIdentifier>{67DA6AB6-F800-4c08-8B7A-83BB121AAD01}</UniqueIdentifier>
      <Extensions>rc;ico;cur;bmp;dlg;rc2;rct;bin;rgs;gif;jpg;jpeg;jpe;resx;tiff;tif;png;wav;mfcribbon-ms</Extensions>
    </Filter>
  </ItemGroup>
  <ItemGroup>
    <ClCompile Include="main.cpp">
      <Filter>Исходные файлы</Filter>
    </ClCompile>
    <ClCompile Include="src\utils\block.cpp">
      <Filter>Исходные файлы</Filter>
    </ClCompile>
    <ClCompile Include="src\utils\matrix.cpp">
      <Filter>Исходные файлы</Filter>
    </ClCompile>
    <ClCompile Include="src\utils\util.cpp">
      <Filter>Исходные файлы</Filter>
    </ClCompile>
    <ClCompile Include="src\svd\two-sided\nsvd.cpp">
      <Filter>Исходные файлы</Filter>
    </ClCompile>
    <ClCompile Include="src\svd\two-sided\svd_blocked.cpp">
      <Filter>Исходные файлы</Filter>
    </ClCompile>
    <ClCompile Include="src\svd\two-sided\svd_subprocedure.cpp">
      <Filter>Исходные файлы</Filter>
    </ClCompile>
    <ClCompile Include="alglib\alglibinternal.cpp">
      <Filter>Исходные файлы</Filter>
    </ClCompile>
    <ClCompile Include="alglib\alglibmisc.cpp">
      <Filter>Исходные файлы</Filter>
    </ClCompile>
    <ClCompile Include="alglib\ap.cpp">
      <Filter>Исходные файлы</Filter>
    </ClCompile>
    <ClCompile Include="alglib\dataanalysis.cpp">
      <Filter>Исходные файлы</Filter>
    </ClCompile>
    <ClCompile Include="alglib\diffequations.cpp">
      <Filter>Исходные файлы</Filter>
    </ClCompile>
    <ClCompile Include="alglib\fasttransforms.cpp">
      <Filter>Исходные файлы</Filter>
    </ClCompile>
    <ClCompile Include="alglib\integration.cpp">
      <Filter>Исходные файлы</Filter>
    </ClCompile>
    <ClCompile Include="alglib\interpolation.cpp">
      <Filter>Исходные файлы</Filter>
    </ClCompile>
    <ClCompile Include="alglib\linalg.cpp">
      <Filter>Исходные файлы</Filter>
    </ClCompile>
    <ClCompile Include="alglib\optimization.cpp">
      <Filter>Исходные файлы</Filter>
    </ClCompile>
    <ClCompile Include="alglib\solvers.cpp">
      <Filter>Исходные файлы</Filter>
    </ClCompile>
    <ClCompile Include="alglib\specialfunctions.cpp">
      <Filter>Исходные файлы</Filter>
    </ClCompile>
    <ClCompile Include="alglib\statistics.cpp">
      <Filter>Исходные файлы</Filter>
    </ClCompile>
  </ItemGroup>
  <ItemGroup>
    <None Include="in\file.in" />
    <None Include="out\A.to" />
    <None Include="out\U.to" />
    <None Include="out\V.to" />
  </ItemGroup>
  <ItemGroup>
    <ClInclude Include="src\utils\block.hpp">
      <Filter>Файлы заголовков</Filter>
    </ClInclude>
    <ClInclude Include="src\utils\matrix.hpp">
      <Filter>Файлы заголовков</Filter>
    </ClInclude>
    <ClInclude Include="src\utils\types.hpp">
      <Filter>Файлы заголовков</Filter>
    </ClInclude>
    <ClInclude Include="src\utils\util.hpp">
      <Filter>Файлы заголовков</Filter>
    </ClInclude>
    <ClInclude Include="src\svd\two-sided\nsvd.hpp">
      <Filter>Файлы заголовков</Filter>
    </ClInclude>
    <ClInclude Include="src\svd\two-sided\svd.hpp">
      <Filter>Файлы заголовков</Filter>
    </ClInclude>
    <ClInclude Include="src\svd\two-sided\svd_subprocedure.hpp">
      <Filter>Файлы заголовков</Filter>
    </ClInclude>
    <ClInclude Include="resource.h">
      <Filter>Файлы заголовков</Filter>
    </ClInclude>
    <ClInclude Include="alglib\alglibinternal.h">
      <Filter>Файлы заголовков</Filter>
    </ClInclude>
    <ClInclude Include="alglib\alglibmisc.h">
      <Filter>Файлы заголовков</Filter>
    </ClInclude>
    <ClInclude Include="alglib\ap.h">
      <Filter>Файлы заголовков</Filter>
    </ClInclude>
    <ClInclude Include="alglib\dataanalysis.h">
      <Filter>Файлы заголовков</Filter>
    </ClInclude>
    <ClInclude Include="alglib\diffequations.h">
      <Filter>Файлы заголовков</Filter>
    </ClInclude>
    <ClInclude Include="alglib\fasttransforms.h">
      <Filter>Файлы заголовков</Filter>
    </ClInclude>
    <ClInclude Include="alglib\integration.h">
      <Filter>Файлы заголовков</Filter>
    </ClInclude>
    <ClInclude Include="alglib\interpolation.h">
      <Filter>Файлы заголовков</Filter>
    </ClInclude>
    <ClInclude Include="alglib\linalg.h">
      <Filter>Файлы заголовков</Filter>
    </ClInclude>
    <ClInclude Include="alglib\optimization.h">
      <Filter>Файлы заголовков</Filter>
    </ClInclude>
    <ClInclude Include="alglib\solvers.h">
      <Filter>Файлы заголовков</Filter>
    </ClInclude>
    <ClInclude Include="alglib\specialfunctions.h">
      <Filter>Файлы заголовков</Filter>
    </ClInclude>
    <ClInclude Include="alglib\statistics.h">
      <Filter>Файлы заголовков</Filter>
    </ClInclude>
    <ClInclude Include="alglib\stdafx.h">
      <Filter>Файлы заголовков</Filter>
    </ClInclude>
  </ItemGroup>
</Project>